
Microsoft Visual Studio Solution File, Format Version 12.00
# Visual Studio Version 17
VisualStudioVersion = 17.7.34003.232
MinimumVisualStudioVersion = 10.0.40219.1
Project("{FAE04EC0-301F-11D3-BF4B-00C04F79EFBC}") = "BookStoresWebAPI", "BookStoresWebAPI.csproj", "{C7FC5D06-6D5B-4E80-BEDF-95ADC8D76686}"
EndProject
Global
	GlobalSection(SolutionConfigurationPlatforms) = preSolution
		Debug|Any CPU = Debug|Any CPU
		Release|Any CPU = Release|Any CPU
	EndGlobalSection
	GlobalSection(ProjectConfigurationPlatforms) = postSolution
		{C7FC5D06-6D5B-4E80-BEDF-95ADC8D76686}.Debug|Any CPU.ActiveCfg = Debug|Any CPU
		{C7FC5D06-6D5B-4E80-BEDF-95ADC8D76686}.Debug|Any CPU.Build.0 = Debug|Any CPU
		{C7FC5D06-6D5B-4E80-BEDF-95ADC8D76686}.Release|Any CPU.ActiveCfg = Release|Any CPU
		{C7FC5D06-6D5B-4E80-BEDF-95ADC8D76686}.Release|Any CPU.Build.0 = Release|Any CPU
	EndGlobalSection
	GlobalSection(SolutionProperties) = preSolution
		HideSolutionNode = FALSE
	EndGlobalSection
	GlobalSection(ExtensibilityGlobals) = postSolution
		SolutionGuid = {3A4E9B02-E1B1-48E7-829D-144E8DF2F9AF}
	EndGlobalSection
EndGlobal
